
Microsoft Visual Studio Solution File, Format Version 12.00
# Visual Studio Version 16
VisualStudioVersion = 16.0.29509.3
MinimumVisualStudioVersion = 10.0.40219.1
Project("{FAE04EC0-301F-11D3-BF4B-00C04F79EFBC}") = "Edabit", "Edabit\Edabit.csproj", "{28FF754A-9174-48A0-BF04-CA4940538844}"
EndProject
Global
	GlobalSection(SolutionConfigurationPlatforms) = preSolution
		Debug|Any CPU = Debug|Any CPU
		Release|Any CPU = Release|Any CPU
	EndGlobalSection
	GlobalSection(ProjectConfigurationPlatforms) = postSolution
		{28FF754A-9174-48A0-BF04-CA4940538844}.Debug|Any CPU.ActiveCfg = Debug|Any CPU
		{28FF754A-9174-48A0-BF04-CA4940538844}.Debug|Any CPU.Build.0 = Debug|Any CPU
		{28FF754A-9174-48A0-BF04-CA4940538844}.Release|Any CPU.ActiveCfg = Release|Any CPU
		{28FF754A-9174-48A0-BF04-CA4940538844}.Release|Any CPU.Build.0 = Release|Any CPU
	EndGlobalSection
	GlobalSection(SolutionProperties) = preSolution
		HideSolutionNode = FALSE
	EndGlobalSection
	GlobalSection(ExtensibilityGlobals) = postSolution
		SolutionGuid = {D1D97D75-5038-4472-B052-5C81C7A182B4}
	EndGlobalSection
EndGlobal
